PODS:
  - compassx (0.0.1):
    - Flutter
  - Flutter (1.0.0)

DEPENDENCIES:
  - compassx (from `.symlinks/plugins/compassx/ios`)
  - Flutter (from `Flutter`)

EXTERNAL SOURCES:
  compassx:
    :path: ".symlinks/plugins/compassx/ios"
  Flutter:
    :path: Flutter

SPEC CHECKSUMS:
  compassx: 2d291f8c8e5672f35c62277f2318ef48359dc1d0
  Flutter: cabc95a1d2626b1b06e7179b784ebcf0c0cde467

PODFILE CHECKSUM: 4962804adc87e2b6dc67bbc12a47f778e002e6a3

COCOAPODS: 1.16.2
