PODS:
  - compassx (0.0.1):
    - Flutter
  - Flutter (1.0.0)

DEPENDENCIES:
  - compassx (from `.symlinks/plugins/compassx/ios`)
  - Flutter (from `Flutter`)

EXTERNAL SOURCES:
  compassx:
    :path: ".symlinks/plugins/compassx/ios"
  Flutter:
    :path: Flutter

SPEC CHECKSUMS:
  compassx: 2d291f8c8e5672f35c62277f2318ef48359dc1d0
  Flutter: cabc95a1d2626b1b06e7179b784ebcf0c0cde467

PODFILE CHECKSUM: 7b1790849be450bbc61016483fe4ff0d3d516102

COCOAPODS: 1.16.2
